
Microsoft Visual Studio Solution File, Format Version 12.00
# Visual Studio Version 17
VisualStudioVersion = 17.7.34221.43
MinimumVisualStudioVersion = 10.0.40219.1
Project("{9A19103F-16F7-4668-BE54-9A1E7A4F7556}") = "lab01", "Project1\lab01.csproj", "{F7109B49-0641-4FC1-84CF-701FCC446842}"
EndProject
Project("{9A19103F-16F7-4668-BE54-9A1E7A4F7556}") = "GameEngine", "GameEngine\GameEngine.csproj", "{779DD31F-2D63-4986-804F-DBE712878104}"
EndProject
Project("{9A19103F-16F7-4668-BE54-9A1E7A4F7556}") = "Lab02", "Lab02\Lab02.csproj", "{6CFA6A45-793D-4F70-AB09-026148297B6A}"
EndProject
Project("{9A19103F-16F7-4668-BE54-9A1E7A4F7556}") = "GameEngine2", "GameEngine2\GameEngine2.csproj", "{78DBBD01-A408-4367-8FA3-18B6456CB1AF}"
EndProject
Project("{9A19103F-16F7-4668-BE54-9A1E7A4F7556}") = "Lab03", "Lab03\Lab03.csproj", "{193ADAA1-4AAB-411D-BFEA-C9C65C40013B}"
EndProject
Project("{9A19103F-16F7-4668-BE54-9A1E7A4F7556}") = "Lab05", "Lab05\Lab05.csproj", "{C03E9EE8-C182-4E07-92AB-696AEEE6302C}"
EndProject
Project("{9A19103F-16F7-4668-BE54-9A1E7A4F7556}") = "Assignment3", "Test\Assignment3.csproj", "{C9DEF0FA-DE1C-4D72-9E45-06BD699D9F0C}"
EndProject
Project("{9A19103F-16F7-4668-BE54-9A1E7A4F7556}") = "HighShaderLanguageTest", "HighShaderLanguageTest\HighShaderLanguageTest.csproj", "{973E62BA-0191-46CB-B2CE-3156DEB2AE1A}"
EndProject
Project("{9A19103F-16F7-4668-BE54-9A1E7A4F7556}") = "Lab06", "Lab06\Lab06.csproj", "{6D27F6EB-126F-4A37-B9B2-DB4157FD8A85}"
EndProject
Project("{9A19103F-16F7-4668-BE54-9A1E7A4F7556}") = "Lab07", "Lab07\Lab07.csproj", "{8A5F6F3F-A155-4987-9DC9-83C4ACF32AAE}"
EndProject
Project("{9A19103F-16F7-4668-BE54-9A1E7A4F7556}") = "Assignment2", "Assignment2\Assignment2.csproj", "{3E8946C0-4ECF-4F6C-84FA-DFD41F836682}"
EndProject
Project("{9A19103F-16F7-4668-BE54-9A1E7A4F7556}") = "Lab08", "Lab08\Lab08.csproj", "{A030089F-0C82-4A7D-AC40-1123CB119346}"
EndProject
Project("{9A19103F-16F7-4668-BE54-9A1E7A4F7556}") = "Lab09", "Lab09\Lab09.csproj", "{AC267161-7F8C-4396-9EB0-4A3B04F19246}"
EndProject
Project("{9A19103F-16F7-4668-BE54-9A1E7A4F7556}") = "Lab10", "Project2\Lab10.csproj", "{F3F3CDA3-1FA2-401C-8316-D44725038155}"
EndProject
Project("{9A19103F-16F7-4668-BE54-9A1E7A4F7556}") = "Assignment4", "Assignment4\Assignment4.csproj", "{0872F537-CBCE-41C1-AD4A-98C03A5ADD4B}"
EndProject
Project("{9A19103F-16F7-4668-BE54-9A1E7A4F7556}") = "Lab11", "Lab11\Lab11.csproj", "{DBA1794D-F9B4-47BA-86BD-176E8CD68FBD}"
	ProjectSection(ProjectDependencies) = postProject
		{78DBBD01-A408-4367-8FA3-18B6456CB1AF} = {78DBBD01-A408-4367-8FA3-18B6456CB1AF}
	EndProjectSection
EndProject
Project("{9A19103F-16F7-4668-BE54-9A1E7A4F7556}") = "Assignment5", "Assignment5\Assignment5.csproj", "{8B051356-E16D-4386-9B61-E1E071652ED1}"
EndProject
Project("{9A19103F-16F7-4668-BE54-9A1E7A4F7556}") = "FinalProject", "FinalProject\FinalProject.csproj", "{D486297C-BFCF-43E6-AD56-370464BAD5FC}"
EndProject
Project("{FAE04EC0-301F-11D3-BF4B-00C04F79EFBC}") = "Testing4", "Testing4\Testing4.csproj", "{E4ACE505-7166-4F9B-A0D3-A93A29BA0A87}"
EndProject
Global
	GlobalSection(SolutionConfigurationPlatforms) = preSolution
		Debug|Any CPU = Debug|Any CPU
		Release|Any CPU = Release|Any CPU
	EndGlobalSection
	GlobalSection(ProjectConfigurationPlatforms) = postSolution
		{F7109B49-0641-4FC1-84CF-701FCC446842}.Debug|Any CPU.ActiveCfg = Debug|Any CPU
		{F7109B49-0641-4FC1-84CF-701FCC446842}.Debug|Any CPU.Build.0 = Debug|Any CPU
		{F7109B49-0641-4FC1-84CF-701FCC446842}.Release|Any CPU.ActiveCfg = Release|Any CPU
		{F7109B49-0641-4FC1-84CF-701FCC446842}.Release|Any CPU.Build.0 = Release|Any CPU
		{779DD31F-2D63-4986-804F-DBE712878104}.Debug|Any CPU.ActiveCfg = Debug|Any CPU
		{779DD31F-2D63-4986-804F-DBE712878104}.Debug|Any CPU.Build.0 = Debug|Any CPU
		{779DD31F-2D63-4986-804F-DBE712878104}.Release|Any CPU.ActiveCfg = Release|Any CPU
		{779DD31F-2D63-4986-804F-DBE712878104}.Release|Any CPU.Build.0 = Release|Any CPU
		{6CFA6A45-793D-4F70-AB09-026148297B6A}.Debug|Any CPU.ActiveCfg = Debug|Any CPU
		{6CFA6A45-793D-4F70-AB09-026148297B6A}.Debug|Any CPU.Build.0 = Debug|Any CPU
		{6CFA6A45-793D-4F70-AB09-026148297B6A}.Release|Any CPU.ActiveCfg = Release|Any CPU
		{6CFA6A45-793D-4F70-AB09-026148297B6A}.Release|Any CPU.Build.0 = Release|Any CPU
		{78DBBD01-A408-4367-8FA3-18B6456CB1AF}.Debug|Any CPU.ActiveCfg = Debug|Any CPU
		{78DBBD01-A408-4367-8FA3-18B6456CB1AF}.Debug|Any CPU.Build.0 = Debug|Any CPU
		{78DBBD01-A408-4367-8FA3-18B6456CB1AF}.Release|Any CPU.ActiveCfg = Release|Any CPU
		{78DBBD01-A408-4367-8FA3-18B6456CB1AF}.Release|Any CPU.Build.0 = Release|Any CPU
		{193ADAA1-4AAB-411D-BFEA-C9C65C40013B}.Debug|Any CPU.ActiveCfg = Debug|Any CPU
		{193ADAA1-4AAB-411D-BFEA-C9C65C40013B}.Debug|Any CPU.Build.0 = Debug|Any CPU
		{193ADAA1-4AAB-411D-BFEA-C9C65C40013B}.Release|Any CPU.ActiveCfg = Release|Any CPU
		{193ADAA1-4AAB-411D-BFEA-C9C65C40013B}.Release|Any CPU.Build.0 = Release|Any CPU
		{C03E9EE8-C182-4E07-92AB-696AEEE6302C}.Debug|Any CPU.ActiveCfg = Debug|Any CPU
		{C03E9EE8-C182-4E07-92AB-696AEEE6302C}.Debug|Any CPU.Build.0 = Debug|Any CPU
		{C03E9EE8-C182-4E07-92AB-696AEEE6302C}.Release|Any CPU.ActiveCfg = Release|Any CPU
		{C03E9EE8-C182-4E07-92AB-696AEEE6302C}.Release|Any CPU.Build.0 = Release|Any CPU
		{C9DEF0FA-DE1C-4D72-9E45-06BD699D9F0C}.Debug|Any CPU.ActiveCfg = Debug|Any CPU
		{C9DEF0FA-DE1C-4D72-9E45-06BD699D9F0C}.Debug|Any CPU.Build.0 = Debug|Any CPU
		{C9DEF0FA-DE1C-4D72-9E45-06BD699D9F0C}.Release|Any CPU.ActiveCfg = Release|Any CPU
		{C9DEF0FA-DE1C-4D72-9E45-06BD699D9F0C}.Release|Any CPU.Build.0 = Release|Any CPU
		{973E62BA-0191-46CB-B2CE-3156DEB2AE1A}.Debug|Any CPU.ActiveCfg = Debug|Any CPU
		{973E62BA-0191-46CB-B2CE-3156DEB2AE1A}.Debug|Any CPU.Build.0 = Debug|Any CPU
		{973E62BA-0191-46CB-B2CE-3156DEB2AE1A}.Release|Any CPU.ActiveCfg = Release|Any CPU
		{973E62BA-0191-46CB-B2CE-3156DEB2AE1A}.Release|Any CPU.Build.0 = Release|Any CPU
		{6D27F6EB-126F-4A37-B9B2-DB4157FD8A85}.Debug|Any CPU.ActiveCfg = Debug|Any CPU
		{6D27F6EB-126F-4A37-B9B2-DB4157FD8A85}.Debug|Any CPU.Build.0 = Debug|Any CPU
		{6D27F6EB-126F-4A37-B9B2-DB4157FD8A85}.Release|Any CPU.ActiveCfg = Release|Any CPU
		{6D27F6EB-126F-4A37-B9B2-DB4157FD8A85}.Release|Any CPU.Build.0 = Release|Any CPU
		{8A5F6F3F-A155-4987-9DC9-83C4ACF32AAE}.Debug|Any CPU.ActiveCfg = Debug|Any CPU
		{8A5F6F3F-A155-4987-9DC9-83C4ACF32AAE}.Debug|Any CPU.Build.0 = Debug|Any CPU
		{8A5F6F3F-A155-4987-9DC9-83C4ACF32AAE}.Release|Any CPU.ActiveCfg = Release|Any CPU
		{8A5F6F3F-A155-4987-9DC9-83C4ACF32AAE}.Release|Any CPU.Build.0 = Release|Any CPU
		{3E8946C0-4ECF-4F6C-84FA-DFD41F836682}.Debug|Any CPU.ActiveCfg = Debug|Any CPU
		{3E8946C0-4ECF-4F6C-84FA-DFD41F836682}.Debug|Any CPU.Build.0 = Debug|Any CPU
		{3E8946C0-4ECF-4F6C-84FA-DFD41F836682}.Release|Any CPU.ActiveCfg = Release|Any CPU
		{3E8946C0-4ECF-4F6C-84FA-DFD41F836682}.Release|Any CPU.Build.0 = Release|Any CPU
		{A030089F-0C82-4A7D-AC40-1123CB119346}.Debug|Any CPU.ActiveCfg = Debug|Any CPU
		{A030089F-0C82-4A7D-AC40-1123CB119346}.Debug|Any CPU.Build.0 = Debug|Any CPU
		{A030089F-0C82-4A7D-AC40-1123CB119346}.Release|Any CPU.ActiveCfg = Release|Any CPU
		{A030089F-0C82-4A7D-AC40-1123CB119346}.Release|Any CPU.Build.0 = Release|Any CPU
		{AC267161-7F8C-4396-9EB0-4A3B04F19246}.Debug|Any CPU.ActiveCfg = Debug|Any CPU
		{AC267161-7F8C-4396-9EB0-4A3B04F19246}.Debug|Any CPU.Build.0 = Debug|Any CPU
		{AC267161-7F8C-4396-9EB0-4A3B04F19246}.Release|Any CPU.ActiveCfg = Release|Any CPU
		{AC267161-7F8C-4396-9EB0-4A3B04F19246}.Release|Any CPU.Build.0 = Release|Any CPU
		{F3F3CDA3-1FA2-401C-8316-D44725038155}.Debug|Any CPU.ActiveCfg = Debug|Any CPU
		{F3F3CDA3-1FA2-401C-8316-D44725038155}.Debug|Any CPU.Build.0 = Debug|Any CPU
		{F3F3CDA3-1FA2-401C-8316-D44725038155}.Release|Any CPU.ActiveCfg = Release|Any CPU
		{F3F3CDA3-1FA2-401C-8316-D44725038155}.Release|Any CPU.Build.0 = Release|Any CPU
		{0872F537-CBCE-41C1-AD4A-98C03A5ADD4B}.Debug|Any CPU.ActiveCfg = Debug|Any CPU
		{0872F537-CBCE-41C1-AD4A-98C03A5ADD4B}.Debug|Any CPU.Build.0 = Debug|Any CPU
		{0872F537-CBCE-41C1-AD4A-98C03A5ADD4B}.Release|Any CPU.ActiveCfg = Release|Any CPU
		{0872F537-CBCE-41C1-AD4A-98C03A5ADD4B}.Release|Any CPU.Build.0 = Release|Any CPU
		{DBA1794D-F9B4-47BA-86BD-176E8CD68FBD}.Debug|Any CPU.ActiveCfg = Debug|Any CPU
		{DBA1794D-F9B4-47BA-86BD-176E8CD68FBD}.Debug|Any CPU.Build.0 = Debug|Any CPU
		{DBA1794D-F9B4-47BA-86BD-176E8CD68FBD}.Release|Any CPU.ActiveCfg = Release|Any CPU
		{DBA1794D-F9B4-47BA-86BD-176E8CD68FBD}.Release|Any CPU.Build.0 = Release|Any CPU
		{8B051356-E16D-4386-9B61-E1E071652ED1}.Debug|Any CPU.ActiveCfg = Debug|Any CPU
		{8B051356-E16D-4386-9B61-E1E071652ED1}.Debug|Any CPU.Build.0 = Debug|Any CPU
		{8B051356-E16D-4386-9B61-E1E071652ED1}.Release|Any CPU.ActiveCfg = Release|Any CPU
		{8B051356-E16D-4386-9B61-E1E071652ED1}.Release|Any CPU.Build.0 = Release|Any CPU
		{D486297C-BFCF-43E6-AD56-370464BAD5FC}.Debug|Any CPU.ActiveCfg = Debug|Any CPU
		{D486297C-BFCF-43E6-AD56-370464BAD5FC}.Debug|Any CPU.Build.0 = Debug|Any CPU
		{D486297C-BFCF-43E6-AD56-370464BAD5FC}.Release|Any CPU.ActiveCfg = Release|Any CPU
		{D486297C-BFCF-43E6-AD56-370464BAD5FC}.Release|Any CPU.Build.0 = Release|Any CPU
		{E4ACE505-7166-4F9B-A0D3-A93A29BA0A87}.Debug|Any CPU.ActiveCfg = Debug|Any CPU
		{E4ACE505-7166-4F9B-A0D3-A93A29BA0A87}.Debug|Any CPU.Build.0 = Debug|Any CPU
		{E4ACE505-7166-4F9B-A0D3-A93A29BA0A87}.Release|Any CPU.ActiveCfg = Release|Any CPU
		{E4ACE505-7166-4F9B-A0D3-A93A29BA0A87}.Release|Any CPU.Build.0 = Release|Any CPU
	EndGlobalSection
	GlobalSection(SolutionProperties) = preSolution
		HideSolutionNode = FALSE
	EndGlobalSection
	GlobalSection(ExtensibilityGlobals) = postSolution
		SolutionGuid = {C55F4242-37CB-4731-B9BE-0C9C7391867D}
	EndGlobalSection
EndGlobal
